
Microsoft Visual Studio Solution File, Format Version 12.00
# Visual Studio Version 17
VisualStudioVersion = 17.3.32804.467
MinimumVisualStudioVersion = 10.0.40219.1
Project("{FAE04EC0-301F-11D3-BF4B-00C04F79EFBC}") = "MaizeRestuarantWeb", "MaizeRestuarantWeb\MaizeRestuarantWeb.csproj", "{75FD72EC-7A0A-4BCA-8C7D-3C12EFF2C532}"
EndProject
Global
	GlobalSection(SolutionConfigurationPlatforms) = preSolution
		Debug|Any CPU = Debug|Any CPU
		Release|Any CPU = Release|Any CPU
	EndGlobalSection
	GlobalSection(ProjectConfigurationPlatforms) = postSolution
		{75FD72EC-7A0A-4BCA-8C7D-3C12EFF2C532}.Debug|Any CPU.ActiveCfg = Debug|Any CPU
		{75FD72EC-7A0A-4BCA-8C7D-3C12EFF2C532}.Debug|Any CPU.Build.0 = Debug|Any CPU
		{75FD72EC-7A0A-4BCA-8C7D-3C12EFF2C532}.Release|Any CPU.ActiveCfg = Release|Any CPU
		{75FD72EC-7A0A-4BCA-8C7D-3C12EFF2C532}.Release|Any CPU.Build.0 = Release|Any CPU
	EndGlobalSection
	GlobalSection(SolutionProperties) = preSolution
		HideSolutionNode = FALSE
	EndGlobalSection
	GlobalSection(ExtensibilityGlobals) = postSolution
		SolutionGuid = {4C6CD231-4CA1-466D-AA4D-E071743FC1F4}
	EndGlobalSection
EndGlobal
